// !$*UTF8*$!
{
	archiveVersion = 1;
	classes = {
	};
	objectVersion = 55;
	objects = {

/* Begin PBXBuildFile section */
		00476A4128AEC0A10034673D /* QuizViewController.swift in Sources */ = {isa = PBXBuildFile; fileRef = 00476A4028AEC0A00034673D /* QuizViewController.swift */; };
		CCF4DC9128AC965300847C6E /* AppDelegate.swift in Sources */ = {isa = PBXBuildFile; fileRef = CCF4DC9028AC965300847C6E /* AppDelegate.swift */; };
		CCF4DC9328AC965300847C6E /* SceneDelegate.swift in Sources */ = {isa = PBXBuildFile; fileRef = CCF4DC9228AC965300847C6E /* SceneDelegate.swift */; };
		CCF4DC9528AC965300847C6E /* ViewController.swift in Sources */ = {isa = PBXBuildFile; fileRef = CCF4DC9428AC965300847C6E /* ViewController.swift */; };
		CCF4DC9828AC965300847C6E /* Main.storyboard in Resources */ = {isa = PBXBuildFile; fileRef = CCF4DC9628AC965300847C6E /* Main.storyboard */; };
		CCF4DC9B28AC965400847C6E /* Funances_.xcdatamodeld in Sources */ = {isa = PBXBuildFile; fileRef = CCF4DC9928AC965300847C6E /* Funances_.xcdatamodeld */; };
		CCF4DC9D28AC965600847C6E /* Assets.xcassets in Resources */ = {isa = PBXBuildFile; fileRef = CCF4DC9C28AC965600847C6E /* Assets.xcassets */; };
		CCF4DCA028AC965600847C6E /* LaunchScreen.storyboard in Resources */ = {isa = PBXBuildFile; fileRef = CCF4DC9E28AC965600847C6E /* LaunchScreen.storyboard */; };
/* End PBXBuildFile section */

/* Begin PBXFileReference section */
		00476A4028AEC0A00034673D /* QuizViewController.swift */ = {isa = PBXFileReference; lastKnownFileType = sourcecode.swift; name = QuizViewController.swift; path = "Funances!/QuizViewController.swift"; sourceTree = "<group>"; };
		CCF4DC8D28AC965300847C6E /* Funances!.app */ = {isa = PBXFileReference; explicitFileType = wrapper.application; includeInIndex = 0; path = "Funances!.app"; sourceTree = BUILT_PRODUCTS_DIR; };
		CCF4DC9028AC965300847C6E /* AppDelegate.swift */ = {isa = PBXFileReference; lastKnownFileType = sourcecode.swift; path = AppDelegate.swift; sourceTree = "<group>"; };
		CCF4DC9228AC965300847C6E /* SceneDelegate.swift */ = {isa = PBXFileReference; lastKnownFileType = sourcecode.swift; path = SceneDelegate.swift; sourceTree = "<group>"; };
		CCF4DC9428AC965300847C6E /* ViewController.swift */ = {isa = PBXFileReference; lastKnownFileType = sourcecode.swift; path = ViewController.swift; sourceTree = "<group>"; };
		CCF4DC9728AC965300847C6E /* Base */ = {isa = PBXFileReference; lastKnownFileType = file.storyboard; name = Base; path = Base.lproj/Main.storyboard; sourceTree = "<group>"; };
		CCF4DC9A28AC965300847C6E /* Funances_.xcdatamodel */ = {isa = PBXFileReference; lastKnownFileType = wrapper.xcdatamodel; path = Funances_.xcdatamodel; sourceTree = "<group>"; };
		CCF4DC9C28AC965600847C6E /* Assets.xcassets */ = {isa = PBXFileReference; lastKnownFileType = folder.assetcatalog; path = Assets.xcassets; sourceTree = "<group>"; };
		CCF4DC9F28AC965600847C6E /* Base */ = {isa = PBXFileReference; lastKnownFileType = file.storyboard; name = Base; path = Base.lproj/LaunchScreen.storyboard; sourceTree = "<group>"; };
		CCF4DCA128AC965600847C6E /* Info.plist */ = {isa = PBXFileReference; lastKnownFileType = text.plist.xml; path = Info.plist; sourceTree = "<group>"; };
/* End PBXFileReference section */

/* Begin PBXFrameworksBuildPhase section */
		CCF4DC8A28AC965300847C6E /* Frameworks */ = {
			isa = PBXFrameworksBuildPhase;
			buildActionMask = 2147483647;
			files = (
			);
			runOnlyForDeploymentPostprocessing = 0;
		};
/* End PBXFrameworksBuildPhase section */

/* Begin PBXGroup section */
		CCF4DC8428AC965300847C6E = {
			isa = PBXGroup;
			children = (
				00476A4028AEC0A00034673D /* QuizViewController.swift */,
				CCF4DC8F28AC965300847C6E /* Funances! */,
				CCF4DC8E28AC965300847C6E /* Products */,
			);
			sourceTree = "<group>";
		};
		CCF4DC8E28AC965300847C6E /* Products */ = {
			isa = PBXGroup;
			children = (
				CCF4DC8D28AC965300847C6E /* Funances!.app */,
			);
			name = Products;
			sourceTree = "<group>";
		};
		CCF4DC8F28AC965300847C6E /* Funances! */ = {
			isa = PBXGroup;
			children = (
				CCF4DC9028AC965300847C6E /* AppDelegate.swift */,
				CCF4DC9228AC965300847C6E /* SceneDelegate.swift */,
				CCF4DC9428AC965300847C6E /* ViewController.swift */,
				CCF4DC9628AC965300847C6E /* Main.storyboard */,
				CCF4DC9C28AC965600847C6E /* Assets.xcassets */,
				CCF4DC9E28AC965600847C6E /* LaunchScreen.storyboard */,
				CCF4DCA128AC965600847C6E /* Info.plist */,
				CCF4DC9928AC965300847C6E /* Funances_.xcdatamodeld */,
			);
			path = "Funances!";
			sourceTree = "<group>";
		};
/* End PBXGroup section */

/* Begin PBXNativeTarget section */
		CCF4DC8C28AC965300847C6E /* Funances! */ = {
			isa = PBXNativeTarget;
			buildConfigurationList = CCF4DCA428AC965600847C6E /* Build configuration list for PBXNativeTarget "Funances!" */;
			buildPhases = (
				CCF4DC8928AC965300847C6E /* Sources */,
				CCF4DC8A28AC965300847C6E /* Frameworks */,
				CCF4DC8B28AC965300847C6E /* Resources */,
			);
			buildRules = (
			);
			dependencies = (
			);
			name = "Funances!";
			productName = "Funances!";
			productReference = CCF4DC8D28AC965300847C6E /* Funances!.app */;
			productType = "com.apple.product-type.application";
		};
/* End PBXNativeTarget section */

/* Begin PBXProject section */
		CCF4DC8528AC965300847C6E /* Project object */ = {
			isa = PBXProject;
			attributes = {
				BuildIndependentTargetsInParallel = 1;
				LastSwiftUpdateCheck = 1340;
				LastUpgradeCheck = 1340;
				TargetAttributes = {
					CCF4DC8C28AC965300847C6E = {
						CreatedOnToolsVersion = 13.4.1;
					};
				};
			};
			buildConfigurationList = CCF4DC8828AC965300847C6E /* Build configuration list for PBXProject "Funances!" */;
			compatibilityVersion = "Xcode 13.0";
			developmentRegion = en;
			hasScannedForEncodings = 0;
			knownRegions = (
				en,
				Base,
			);
			mainGroup = CCF4DC8428AC965300847C6E;
			productRefGroup = CCF4DC8E28AC965300847C6E /* Products */;
			projectDirPath = "";
			projectRoot = "";
			targets = (
				CCF4DC8C28AC965300847C6E /* Funances! */,
			);
		};
/* End PBXProject section */

/* Begin PBXResourcesBuildPhase section */
		CCF4DC8B28AC965300847C6E /* Resources */ = {
			isa = PBXResourcesBuildPhase;
			buildActionMask = 2147483647;
			files = (
				CCF4DCA028AC965600847C6E /* LaunchScreen.storyboard in Resources */,
				CCF4DC9D28AC965600847C6E /* Assets.xcassets in Resources */,
				CCF4DC9828AC965300847C6E /* Main.storyboard in Resources */,
			);
			runOnlyForDeploymentPostprocessing = 0;
		};
/* End PBXResourcesBuildPhase section */

/* Begin PBXSourcesBuildPhase section */
		CCF4DC8928AC965300847C6E /* Sources */ = {
			isa = PBXSourcesBuildPhase;
			buildActionMask = 2147483647;
			files = (
				CCF4DC9B28AC965400847C6E /* Funances_.xcdatamodeld in Sources */,
				00476A4128AEC0A10034673D /* QuizViewController.swift in Sources */,
				CCF4DC9528AC965300847C6E /* ViewController.swift in Sources */,
				CCF4DC9128AC965300847C6E /* AppDelegate.swift in Sources */,
				CCF4DC9328AC965300847C6E /* SceneDelegate.swift in Sources */,
			);
			runOnlyForDeploymentPostprocessing = 0;
		};
/* End PBXSourcesBuildPhase section */

/* Begin PBXVariantGroup section */
		CCF4DC9628AC965300847C6E /* Main.storyboard */ = {
			isa = PBXVariantGroup;
			children = (
				CCF4DC9728AC965300847C6E /* Base */,
			);
			name = Main.storyboard;
			sourceTree = "<group>";
		};
		CCF4DC9E28AC965600847C6E /* LaunchScreen.storyboard */ = {
			isa = PBXVariantGroup;
			children = (
				CCF4DC9F28AC965600847C6E /* Base */,
			);
			name = LaunchScreen.storyboard;
			sourceTree = "<group>";
		};
/* End PBXVariantGroup section */

/* Begin XCBuildConfiguration section */
		CCF4DCA228AC965600847C6E /* Debug */ = {
			isa = XCBuildConfiguration;
			buildSettings = {
				ALWAYS_SEARCH_USER_PATHS = NO;
				CLANG_ANALYZER_NONNULL = YES;
				CLANG_ANALYZER_NUMBER_OBJECT_CONVERSION = YES_AGGRESSIVE;
				CLANG_CXX_LANGUAGE_STANDARD = "gnu++17";
				CLANG_ENABLE_MODULES = YES;
				CLANG_ENABLE_OBJC_ARC = YES;
				CLANG_ENABLE_OBJC_WEAK = YES;
				CLANG_WARN_BLOCK_CAPTURE_AUTORELEASING = YES;
				CLANG_WARN_BOOL_CONVERSION = YES;
				CLANG_WARN_COMMA = YES;
				CLANG_WARN_CONSTANT_CONVERSION = YES;
				CLANG_WARN_DEPRECATED_OBJC_IMPLEMENTATIONS = YES;
				CLANG_WARN_DIRECT_OBJC_ISA_USAGE = YES_ERROR;
				CLANG_WARN_DOCUMENTATION_COMMENTS = YES;
				CLANG_WARN_EMPTY_BODY = YES;
				CLANG_WARN_ENUM_CONVERSION = YES;
				CLANG_WARN_INFINITE_RECURSION = YES;
				CLANG_WARN_INT_CONVERSION = YES;
				CLANG_WARN_NON_LITERAL_NULL_CONVERSION = YES;
				CLANG_WARN_OBJC_IMPLICIT_RETAIN_SELF = YES;
				CLANG_WARN_OBJC_LITERAL_CONVERSION = YES;
				CLANG_WARN_OBJC_ROOT_CLASS = YES_ERROR;
				CLANG_WARN_QUOTED_INCLUDE_IN_FRAMEWORK_HEADER = YES;
				CLANG_WARN_RANGE_LOOP_ANALYSIS = YES;
				CLANG_WARN_STRICT_PROTOTYPES = YES;
				CLANG_WARN_SUSPICIOUS_MOVE = YES;
				CLANG_WARN_UNGUARDED_AVAILABILITY = YES_AGGRESSIVE;
				CLANG_WARN_UNREACHABLE_CODE = YES;
				CLANG_WARN__DUPLICATE_METHOD_MATCH = YES;
				COPY_PHASE_STRIP = NO;
				DEBUG_INFORMATION_FORMAT = dwarf;
				ENABLE_STRICT_OBJC_MSGSEND = YES;
				ENABLE_TESTABILITY = YES;
				GCC_C_LANGUAGE_STANDARD = gnu11;
				GCC_DYNAMIC_NO_PIC = NO;
				GCC_NO_COMMON_BLOCKS = YES;
				GCC_OPTIMIZATION_LEVEL = 0;
				GCC_PREPROCESSOR_DEFINITIONS = (
					"DEBUG=1",
					"$(inherited)",
				);
				GCC_WARN_64_TO_32_BIT_CONVERSION = YES;
				GCC_WARN_ABOUT_RETURN_TYPE = YES_ERROR;
				GCC_WARN_UNDECLARED_SELECTOR = YES;
				GCC_WARN_UNINITIALIZED_AUTOS = YES_AGGRESSIVE;
				GCC_WARN_UNUSED_FUNCTION = YES;
				GCC_WARN_UNUSED_VARIABLE = YES;
				IPHONEOS_DEPLOYMENT_TARGET = 15.5;
				MTL_ENABLE_DEBUG_INFO = INCLUDE_SOURCE;
				MTL_FAST_MATH = YES;
				ONLY_ACTIVE_ARCH = YES;
				SDKROOT = iphoneos;
				SWIFT_ACTIVE_COMPILATION_CONDITIONS = DEBUG;
				SWIFT_OPTIMIZATION_LEVEL = "-Onone";
			};
			name = Debug;
		};
		CCF4DCA328AC965600847C6E /* Release */ = {
			isa = XCBuildConfiguration;
			buildSettings = {
				ALWAYS_SEARCH_USER_PATHS = NO;
				CLANG_ANALYZER_NONNULL = YES;
				CLANG_ANALYZER_NUMBER_OBJECT_CONVERSION = YES_AGGRESSIVE;
				CLANG_CXX_LANGUAGE_STANDARD = "gnu++17";
				CLANG_ENABLE_MODULES = YES;
				CLANG_ENABLE_OBJC_ARC = YES;
				CLANG_ENABLE_OBJC_WEAK = YES;
				CLANG_WARN_BLOCK_CAPTURE_AUTORELEASING = YES;
				CLANG_WARN_BOOL_CONVERSION = YES;
				CLANG_WARN_COMMA = YES;
				CLANG_WARN_CONSTANT_CONVERSION = YES;
				CLANG_WARN_DEPRECATED_OBJC_IMPLEMENTATIONS = YES;
				CLANG_WARN_DIRECT_OBJC_ISA_USAGE = YES_ERROR;
				CLANG_WARN_DOCUMENTATION_COMMENTS = YES;
				CLANG_WARN_EMPTY_BODY = YES;
				CLANG_WARN_ENUM_CONVERSION = YES;
				CLANG_WARN_INFINITE_RECURSION = YES;
				CLANG_WARN_INT_CONVERSION = YES;
				CLANG_WARN_NON_LITERAL_NULL_CONVERSION = YES;
				CLANG_WARN_OBJC_IMPLICIT_RETAIN_SELF = YES;
				CLANG_WARN_OBJC_LITERAL_CONVERSION = YES;
				CLANG_WARN_OBJC_ROOT_CLASS = YES_ERROR;
				CLANG_WARN_QUOTED_INCLUDE_IN_FRAMEWORK_HEADER = YES;
				CLANG_WARN_RANGE_LOOP_ANALYSIS = YES;
				CLANG_WARN_STRICT_PROTOTYPES = YES;
				CLANG_WARN_SUSPICIOUS_MOVE = YES;
				CLANG_WARN_UNGUARDED_AVAILABILITY = YES_AGGRESSIVE;
				CLANG_WARN_UNREACHABLE_CODE = YES;
				CLANG_WARN__DUPLICATE_METHOD_MATCH = YES;
				COPY_PHASE_STRIP = NO;
				DEBUG_INFORMATION_FORMAT = "dwarf-with-dsym";
				ENABLE_NS_ASSERTIONS = NO;
				ENABLE_STRICT_OBJC_MSGSEND = YES;
				GCC_C_LANGUAGE_STANDARD = gnu11;
				GCC_NO_COMMON_BLOCKS = YES;
				GCC_WARN_64_TO_32_BIT_CONVERSION = YES;
				GCC_WARN_ABOUT_RETURN_TYPE = YES_ERROR;
				GCC_WARN_UNDECLARED_SELECTOR = YES;
				GCC_WARN_UNINITIALIZED_AUTOS = YES_AGGRESSIVE;
				GCC_WARN_UNUSED_FUNCTION = YES;
				GCC_WARN_UNUSED_VARIABLE = YES;
				IPHONEOS_DEPLOYMENT_TARGET = 15.5;
				MTL_ENABLE_DEBUG_INFO = NO;
				MTL_FAST_MATH = YES;
				SDKROOT = iphoneos;
				SWIFT_COMPILATION_MODE = wholemodule;
				SWIFT_OPTIMIZATION_LEVEL = "-O";
				VALIDATE_PRODUCT = YES;
			};
			name = Release;
		};
		CCF4DCA528AC965600847C6E /* Debug */ = {
			isa = XCBuildConfiguration;
			buildSettings = {
				ASSETCATALOG_COMPILER_APPICON_NAME = AppIcon;
				ASSETCATALOG_COMPILER_GLOBAL_ACCENT_COLOR_NAME = AccentColor;
				CODE_SIGN_STYLE = Automatic;
				CURRENT_PROJECT_VERSION = 1;
				DEVELOPMENT_TEAM = QGGX45W2CK;
				GENERATE_INFOPLIST_FILE = YES;
				INFOPLIST_FILE = "Funances!/Info.plist";
				INFOPLIST_KEY_UIApplicationSupportsIndirectInputEvents = YES;
				INFOPLIST_KEY_UILaunchStoryboardName = LaunchScreen;
				INFOPLIST_KEY_UIMainStoryboardFile = Main;
				INFOPLIST_KEY_UISupportedInterfaceOrientations_iPad = "UIInterfaceOrientationPortrait UIInterfaceOrientationPortraitUpsideDown UIInterfaceOrientationLandscapeLeft UIInterfaceOrientationLandscapeRight";
				INFOPLIST_KEY_UISupportedInterfaceOrientations_iPhone = "UIInterfaceOrientationPortrait UIInterfaceOrientationLandscapeLeft UIInterfaceOrientationLandscapeRight";
				LD_RUNPATH_SEARCH_PATHS = (
					"$(inherited)",
					"@executable_path/Frameworks",
				);
				MARKETING_VERSION = 1.0;
				PRODUCT_BUNDLE_IDENTIFIER = "Koding.Funances-";
				PRODUCT_NAME = "$(TARGET_NAME)";
				SWIFT_EMIT_LOC_STRINGS = YES;
				SWIFT_VERSION = 5.0;
				TARGETED_DEVICE_FAMILY = "1,2";
			};
			name = Debug;
		};
		CCF4DCA628AC965600847C6E /* Release */ = {
			isa = XCBuildConfiguration;
			buildSettings = {
				ASSETCATALOG_COMPILER_APPICON_NAME = AppIcon;
				ASSETCATALOG_COMPILER_GLOBAL_ACCENT_COLOR_NAME = AccentColor;
				CODE_SIGN_STYLE = Automatic;
				CURRENT_PROJECT_VERSION = 1;
				DEVELOPMENT_TEAM = QGGX45W2CK;
				GENERATE_INFOPLIST_FILE = YES;
				INFOPLIST_FILE = "Funances!/Info.plist";
				INFOPLIST_KEY_UIApplicationSupportsIndirectInputEvents = YES;
				INFOPLIST_KEY_UILaunchStoryboardName = LaunchScreen;
				INFOPLIST_KEY_UIMainStoryboardFile = Main;
				INFOPLIST_KEY_UISupportedInterfaceOrientations_iPad = "UIInterfaceOrientationPortrait UIInterfaceOrientationPortraitUpsideDown UIInterfaceOrientationLandscapeLeft UIInterfaceOrientationLandscapeRight";
				INFOPLIST_KEY_UISupportedInterfaceOrientations_iPhone = "UIInterfaceOrientationPortrait UIInterfaceOrientationLandscapeLeft UIInterfaceOrientationLandscapeRight";
				LD_RUNPATH_SEARCH_PATHS = (
					"$(inherited)",
					"@executable_path/Frameworks",
				);
				MARKETING_VERSION = 1.0;
				PRODUCT_BUNDLE_IDENTIFIER = "Koding.Funances-";
				PRODUCT_NAME = "$(TARGET_NAME)";
				SWIFT_EMIT_LOC_STRINGS = YES;
				SWIFT_VERSION = 5.0;
				TARGETED_DEVICE_FAMILY = "1,2";
			};
			name = Release;
		};
/* End XCBuildConfiguration section */

/* Begin XCConfigurationList section */
		CCF4DC8828AC965300847C6E /* Build configuration list for PBXProject "Funances!" */ = {
			isa = XCConfigurationList;
			buildConfigurations = (
				CCF4DCA228AC965600847C6E /* Debug */,
				CCF4DCA328AC965600847C6E /* Release */,
			);
			defaultConfigurationIsVisible = 0;
			defaultConfigurationName = Release;
		};
		CCF4DCA428AC965600847C6E /* Build configuration list for PBXNativeTarget "Funances!" */ = {
			isa = XCConfigurationList;
			buildConfigurations = (
				CCF4DCA528AC965600847C6E /* Debug */,
				CCF4DCA628AC965600847C6E /* Release */,
			);
			defaultConfigurationIsVisible = 0;
			defaultConfigurationName = Release;
		};
/* End XCConfigurationList section */

/* Begin XCVersionGroup section */
		CCF4DC9928AC965300847C6E /* Funances_.xcdatamodeld */ = {
			isa = XCVersionGroup;
			children = (
				CCF4DC9A28AC965300847C6E /* Funances_.xcdatamodel */,
			);
			currentVersion = CCF4DC9A28AC965300847C6E /* Funances_.xcdatamodel */;
			path = Funances_.xcdatamodeld;
			sourceTree = "<group>";
			versionGroupType = wrapper.xcdatamodel;
		};
/* End XCVersionGroup section */
	};
	rootObject = CCF4DC8528AC965300847C6E /* Project object */;
}
